
Microsoft Visual Studio Solution File, Format Version 12.00
# Visual Studio Version 17
VisualStudioVersion = 17.2.32602.215
MinimumVisualStudioVersion = 10.0.40219.1
Project("{FAE04EC0-301F-11D3-BF4B-00C04F79EFBC}") = "Sets and Dictionaries Advanced - Exercise", "Sets and Dictionaries Advanced - Exercise\Sets and Dictionaries Advanced - Exercise.csproj", "{4AE39172-A3FF-44D0-8940-FFDDC7178CB8}"
EndProject
Project("{FAE04EC0-301F-11D3-BF4B-00C04F79EFBC}") = "01. Unique Usernames", "01. Unique Usernames\01. Unique Usernames.csproj", "{6EF272E6-D26C-4B84-B5AD-86E290E1B896}"
EndProject
Project("{FAE04EC0-301F-11D3-BF4B-00C04F79EFBC}") = "02. Sets of Elements", "02. Sets of Elements\02. Sets of Elements.csproj", "{0D764A9B-0E44-4962-87BF-41ACE34ABD29}"
EndProject
Global
	GlobalSection(SolutionConfigurationPlatforms) = preSolution
		Debug|Any CPU = Debug|Any CPU
		Release|Any CPU = Release|Any CPU
	EndGlobalSection
	GlobalSection(ProjectConfigurationPlatforms) = postSolution
		{4AE39172-A3FF-44D0-8940-FFDDC7178CB8}.Debug|Any CPU.ActiveCfg = Debug|Any CPU
		{4AE39172-A3FF-44D0-8940-FFDDC7178CB8}.Debug|Any CPU.Build.0 = Debug|Any CPU
		{4AE39172-A3FF-44D0-8940-FFDDC7178CB8}.Release|Any CPU.ActiveCfg = Release|Any CPU
		{4AE39172-A3FF-44D0-8940-FFDDC7178CB8}.Release|Any CPU.Build.0 = Release|Any CPU
		{6EF272E6-D26C-4B84-B5AD-86E290E1B896}.Debug|Any CPU.ActiveCfg = Debug|Any CPU
		{6EF272E6-D26C-4B84-B5AD-86E290E1B896}.Debug|Any CPU.Build.0 = Debug|Any CPU
		{6EF272E6-D26C-4B84-B5AD-86E290E1B896}.Release|Any CPU.ActiveCfg = Release|Any CPU
		{6EF272E6-D26C-4B84-B5AD-86E290E1B896}.Release|Any CPU.Build.0 = Release|Any CPU
		{0D764A9B-0E44-4962-87BF-41ACE34ABD29}.Debug|Any CPU.ActiveCfg = Debug|Any CPU
		{0D764A9B-0E44-4962-87BF-41ACE34ABD29}.Debug|Any CPU.Build.0 = Debug|Any CPU
		{0D764A9B-0E44-4962-87BF-41ACE34ABD29}.Release|Any CPU.ActiveCfg = Release|Any CPU
		{0D764A9B-0E44-4962-87BF-41ACE34ABD29}.Release|Any CPU.Build.0 = Release|Any CPU
	EndGlobalSection
	GlobalSection(SolutionProperties) = preSolution
		HideSolutionNode = FALSE
	EndGlobalSection
	GlobalSection(ExtensibilityGlobals) = postSolution
		SolutionGuid = {88E55A6B-B8F3-4D6C-8A43-BB546C1AA718}
	EndGlobalSection
EndGlobal
