
Microsoft Visual Studio Solution File, Format Version 12.00
# Visual Studio Version 17
VisualStudioVersion = 17.2.32602.215
MinimumVisualStudioVersion = 10.0.40219.1
Project("{9A19103F-16F7-4668-BE54-9A1E7A4F7556}") = "Exams", "Exams\Exams.csproj", "{1F6E78F9-998C-4C13-B22E-715C548D2508}"
EndProject
Project("{9A19103F-16F7-4668-BE54-9A1E7A4F7556}") = "02. Truffle Hunter", "02. Truffle Hunter\02. Truffle Hunter.csproj", "{82EAFED9-93A4-4A1A-A3F7-27370EA008F5}"
EndProject
Project("{9A19103F-16F7-4668-BE54-9A1E7A4F7556}") = "02.Super Mario", "02.Super Mario\02.Super Mario.csproj", "{8DE3D8D7-A929-4182-BC53-E1A9186D2453}"
EndProject
Project("{9A19103F-16F7-4668-BE54-9A1E7A4F7556}") = "01.Warm Winter", "01.Warm Winter\01.Warm Winter.csproj", "{2D713EF5-852E-4ADD-B518-CDCD6C1BC379}"
EndProject
Project("{9A19103F-16F7-4668-BE54-9A1E7A4F7556}") = "03. Cocktail Party", "03. Cocktail Party\03. Cocktail Party.csproj", "{CC4514A8-7637-435C-A4DB-69CF2887640E}"
EndProject
Project("{9A19103F-16F7-4668-BE54-9A1E7A4F7556}") = "03.Drones", "03.Drones\03.Drones.csproj", "{43D7D477-EBD4-4318-B4C7-98B4446D0225}"
EndProject
Project("{9A19103F-16F7-4668-BE54-9A1E7A4F7556}") = "01. Blacksmith", "01. Blacksmith\01. Blacksmith.csproj", "{3B29A542-462C-4382-82FE-487B13142EC1}"
EndProject
Project("{9A19103F-16F7-4668-BE54-9A1E7A4F7556}") = "02. Armory", "02. Armory\02. Armory.csproj", "{6592F4FD-C1E3-4D95-86B4-2E4C374000AE}"
EndProject
Project("{FAE04EC0-301F-11D3-BF4B-00C04F79EFBC}") = "Classroom", "Classroom\Classroom.csproj", "{79A2E215-F362-4CBA-BC97-0FFE293A300F}"
EndProject
Project("{9A19103F-16F7-4668-BE54-9A1E7A4F7556}") = "01. Scheduling", "01. Scheduling\01. Scheduling.csproj", "{7F640C03-2F1A-4F36-86A7-74F856EA29E1}"
EndProject
Project("{9A19103F-16F7-4668-BE54-9A1E7A4F7556}") = "02. Garden", "02. Garden\02. Garden.csproj", "{418476F0-17FE-445D-8EDC-D382C6A0BC87}"
EndProject
Project("{FAE04EC0-301F-11D3-BF4B-00C04F79EFBC}") = "01. Tiles Master", "01. Tiles Master\01. Tiles Master.csproj", "{B617FCE1-6622-45E7-A897-45BB86C4B11B}"
EndProject
Global
	GlobalSection(SolutionConfigurationPlatforms) = preSolution
		Debug|Any CPU = Debug|Any CPU
		Release|Any CPU = Release|Any CPU
	EndGlobalSection
	GlobalSection(ProjectConfigurationPlatforms) = postSolution
		{1F6E78F9-998C-4C13-B22E-715C548D2508}.Debug|Any CPU.ActiveCfg = Debug|Any CPU
		{1F6E78F9-998C-4C13-B22E-715C548D2508}.Debug|Any CPU.Build.0 = Debug|Any CPU
		{1F6E78F9-998C-4C13-B22E-715C548D2508}.Release|Any CPU.ActiveCfg = Release|Any CPU
		{1F6E78F9-998C-4C13-B22E-715C548D2508}.Release|Any CPU.Build.0 = Release|Any CPU
		{82EAFED9-93A4-4A1A-A3F7-27370EA008F5}.Debug|Any CPU.ActiveCfg = Debug|Any CPU
		{82EAFED9-93A4-4A1A-A3F7-27370EA008F5}.Debug|Any CPU.Build.0 = Debug|Any CPU
		{82EAFED9-93A4-4A1A-A3F7-27370EA008F5}.Release|Any CPU.ActiveCfg = Release|Any CPU
		{82EAFED9-93A4-4A1A-A3F7-27370EA008F5}.Release|Any CPU.Build.0 = Release|Any CPU
		{8DE3D8D7-A929-4182-BC53-E1A9186D2453}.Debug|Any CPU.ActiveCfg = Debug|Any CPU
		{8DE3D8D7-A929-4182-BC53-E1A9186D2453}.Debug|Any CPU.Build.0 = Debug|Any CPU
		{8DE3D8D7-A929-4182-BC53-E1A9186D2453}.Release|Any CPU.ActiveCfg = Release|Any CPU
		{8DE3D8D7-A929-4182-BC53-E1A9186D2453}.Release|Any CPU.Build.0 = Release|Any CPU
		{2D713EF5-852E-4ADD-B518-CDCD6C1BC379}.Debug|Any CPU.ActiveCfg = Debug|Any CPU
		{2D713EF5-852E-4ADD-B518-CDCD6C1BC379}.Debug|Any CPU.Build.0 = Debug|Any CPU
		{2D713EF5-852E-4ADD-B518-CDCD6C1BC379}.Release|Any CPU.ActiveCfg = Release|Any CPU
		{2D713EF5-852E-4ADD-B518-CDCD6C1BC379}.Release|Any CPU.Build.0 = Release|Any CPU
		{CC4514A8-7637-435C-A4DB-69CF2887640E}.Debug|Any CPU.ActiveCfg = Debug|Any CPU
		{CC4514A8-7637-435C-A4DB-69CF2887640E}.Debug|Any CPU.Build.0 = Debug|Any CPU
		{CC4514A8-7637-435C-A4DB-69CF2887640E}.Release|Any CPU.ActiveCfg = Release|Any CPU
		{CC4514A8-7637-435C-A4DB-69CF2887640E}.Release|Any CPU.Build.0 = Release|Any CPU
		{43D7D477-EBD4-4318-B4C7-98B4446D0225}.Debug|Any CPU.ActiveCfg = Debug|Any CPU
		{43D7D477-EBD4-4318-B4C7-98B4446D0225}.Debug|Any CPU.Build.0 = Debug|Any CPU
		{43D7D477-EBD4-4318-B4C7-98B4446D0225}.Release|Any CPU.ActiveCfg = Release|Any CPU
		{43D7D477-EBD4-4318-B4C7-98B4446D0225}.Release|Any CPU.Build.0 = Release|Any CPU
		{3B29A542-462C-4382-82FE-487B13142EC1}.Debug|Any CPU.ActiveCfg = Debug|Any CPU
		{3B29A542-462C-4382-82FE-487B13142EC1}.Debug|Any CPU.Build.0 = Debug|Any CPU
		{3B29A542-462C-4382-82FE-487B13142EC1}.Release|Any CPU.ActiveCfg = Release|Any CPU
		{3B29A542-462C-4382-82FE-487B13142EC1}.Release|Any CPU.Build.0 = Release|Any CPU
		{6592F4FD-C1E3-4D95-86B4-2E4C374000AE}.Debug|Any CPU.ActiveCfg = Debug|Any CPU
		{6592F4FD-C1E3-4D95-86B4-2E4C374000AE}.Debug|Any CPU.Build.0 = Debug|Any CPU
		{6592F4FD-C1E3-4D95-86B4-2E4C374000AE}.Release|Any CPU.ActiveCfg = Release|Any CPU
		{6592F4FD-C1E3-4D95-86B4-2E4C374000AE}.Release|Any CPU.Build.0 = Release|Any CPU
		{79A2E215-F362-4CBA-BC97-0FFE293A300F}.Debug|Any CPU.ActiveCfg = Debug|Any CPU
		{79A2E215-F362-4CBA-BC97-0FFE293A300F}.Debug|Any CPU.Build.0 = Debug|Any CPU
		{79A2E215-F362-4CBA-BC97-0FFE293A300F}.Release|Any CPU.ActiveCfg = Release|Any CPU
		{79A2E215-F362-4CBA-BC97-0FFE293A300F}.Release|Any CPU.Build.0 = Release|Any CPU
		{7F640C03-2F1A-4F36-86A7-74F856EA29E1}.Debug|Any CPU.ActiveCfg = Debug|Any CPU
		{7F640C03-2F1A-4F36-86A7-74F856EA29E1}.Debug|Any CPU.Build.0 = Debug|Any CPU
		{7F640C03-2F1A-4F36-86A7-74F856EA29E1}.Release|Any CPU.ActiveCfg = Release|Any CPU
		{7F640C03-2F1A-4F36-86A7-74F856EA29E1}.Release|Any CPU.Build.0 = Release|Any CPU
		{418476F0-17FE-445D-8EDC-D382C6A0BC87}.Debug|Any CPU.ActiveCfg = Debug|Any CPU
		{418476F0-17FE-445D-8EDC-D382C6A0BC87}.Debug|Any CPU.Build.0 = Debug|Any CPU
		{418476F0-17FE-445D-8EDC-D382C6A0BC87}.Release|Any CPU.ActiveCfg = Release|Any CPU
		{418476F0-17FE-445D-8EDC-D382C6A0BC87}.Release|Any CPU.Build.0 = Release|Any CPU
		{B617FCE1-6622-45E7-A897-45BB86C4B11B}.Debug|Any CPU.ActiveCfg = Debug|Any CPU
		{B617FCE1-6622-45E7-A897-45BB86C4B11B}.Debug|Any CPU.Build.0 = Debug|Any CPU
		{B617FCE1-6622-45E7-A897-45BB86C4B11B}.Release|Any CPU.ActiveCfg = Release|Any CPU
		{B617FCE1-6622-45E7-A897-45BB86C4B11B}.Release|Any CPU.Build.0 = Release|Any CPU
	EndGlobalSection
	GlobalSection(SolutionProperties) = preSolution
		HideSolutionNode = FALSE
	EndGlobalSection
	GlobalSection(ExtensibilityGlobals) = postSolution
		SolutionGuid = {D24A4F6A-B139-466F-BF1B-5642ADE22994}
	EndGlobalSection
EndGlobal
