
Microsoft Visual Studio Solution File, Format Version 12.00
# Visual Studio Version 17
VisualStudioVersion = 17.2.32602.215
MinimumVisualStudioVersion = 10.0.40219.1
Project("{9A19103F-16F7-4668-BE54-9A1E7A4F7556}") = "Exams", "Exams\Exams.csproj", "{1F6E78F9-998C-4C13-B22E-715C548D2508}"
EndProject
Project("{9A19103F-16F7-4668-BE54-9A1E7A4F7556}") = "02. Truffle Hunter", "02. Truffle Hunter\02. Truffle Hunter.csproj", "{82EAFED9-93A4-4A1A-A3F7-27370EA008F5}"
EndProject
Project("{9A19103F-16F7-4668-BE54-9A1E7A4F7556}") = "02.Super Mario", "02.Super Mario\02.Super Mario.csproj", "{8DE3D8D7-A929-4182-BC53-E1A9186D2453}"
EndProject
Project("{9A19103F-16F7-4668-BE54-9A1E7A4F7556}") = "01.Warm Winter", "01.Warm Winter\01.Warm Winter.csproj", "{2D713EF5-852E-4ADD-B518-CDCD6C1BC379}"
EndProject
Project("{9A19103F-16F7-4668-BE54-9A1E7A4F7556}") = "03. Cocktail Party", "03. Cocktail Party\03. Cocktail Party.csproj", "{CC4514A8-7637-435C-A4DB-69CF2887640E}"
EndProject
Project("{9A19103F-16F7-4668-BE54-9A1E7A4F7556}") = "03.Drones", "03.Drones\03.Drones.csproj", "{43D7D477-EBD4-4318-B4C7-98B4446D0225}"
EndProject
Project("{9A19103F-16F7-4668-BE54-9A1E7A4F7556}") = "01. Blacksmith", "01. Blacksmith\01. Blacksmith.csproj", "{3B29A542-462C-4382-82FE-487B13142EC1}"
EndProject
Project("{9A19103F-16F7-4668-BE54-9A1E7A4F7556}") = "02. Armory", "02. Armory\02. Armory.csproj", "{6592F4FD-C1E3-4D95-86B4-2E4C374000AE}"
EndProject
Project("{FAE04EC0-301F-11D3-BF4B-00C04F79EFBC}") = "Classroom", "Classroom\Classroom.csproj", "{79A2E215-F362-4CBA-BC97-0FFE293A300F}"
EndProject
Project("{9A19103F-16F7-4668-BE54-9A1E7A4F7556}") = "01. Scheduling", "01. Scheduling\01. Scheduling.csproj", "{7F640C03-2F1A-4F36-86A7-74F856EA29E1}"
EndProject
Project("{9A19103F-16F7-4668-BE54-9A1E7A4F7556}") = "02. Garden", "02. Garden\02. Garden.csproj", "{418476F0-17FE-445D-8EDC-D382C6A0BC87}"
EndProject
Project("{9A19103F-16F7-4668-BE54-9A1E7A4F7556}") = "01. Tiles Master", "01. Tiles Master\01. Tiles Master.csproj", "{B617FCE1-6622-45E7-A897-45BB86C4B11B}"
EndProject
Project("{9A19103F-16F7-4668-BE54-9A1E7A4F7556}") = "03. Basketball", "03. Basketball\03. Basketball.csproj", "{9CE841F2-B40C-4F9D-BE5A-3785920700F3}"
EndProject
Project("{9A19103F-16F7-4668-BE54-9A1E7A4F7556}") = "01. Barista Contest", "01. Barista Contest\01. Barista Contest.csproj", "{E0210B6A-251E-4783-8C09-3C8250C618C7}"
EndProject
Project("{9A19103F-16F7-4668-BE54-9A1E7A4F7556}") = "02. Help-A-Mole", "02. Help-A-Mole\02. Help-A-Mole.csproj", "{5BAE8357-FF26-41FF-B5B3-EE13C79F9579}"
EndProject
Project("{9A19103F-16F7-4668-BE54-9A1E7A4F7556}") = "01. Bakery Shop", "01. Bakery Shop\01. Bakery Shop.csproj", "{61523763-7DB1-45B3-A77A-87EA1A38A890}"
EndProject
Project("{9A19103F-16F7-4668-BE54-9A1E7A4F7556}") = "02. Beaver at Work", "02. Beaver at Work\02. Beaver at Work.csproj", "{03BD6BAC-0FD2-441F-AB6F-1B42559F8FF8}"
EndProject
Project("{9A19103F-16F7-4668-BE54-9A1E7A4F7556}") = "03. Fishing Net", "03. Fishing Net\03. Fishing Net.csproj", "{68249298-4F71-49E5-A9DF-D38E4B28E763}"
EndProject
Project("{9A19103F-16F7-4668-BE54-9A1E7A4F7556}") = "01. Birthday Celebration", "01. Birthday Celebration\01. Birthday Celebration.csproj", "{5FC77DA4-ED75-4629-8757-972B9492458D}"
EndProject
Project("{9A19103F-16F7-4668-BE54-9A1E7A4F7556}") = "02. The Battle of The Five Armies", "02. The Battle of The Five Armies\02. The Battle of The Five Armies.csproj", "{46A46889-5059-4AF7-AC09-2B2E336DA1F5}"
EndProject
Project("{9A19103F-16F7-4668-BE54-9A1E7A4F7556}") = "03. Street Racing", "03. Street Racing\03. Street Racing.csproj", "{8F3EAC12-ABD5-4D14-9E7D-9BB20F34480F}"
EndProject
Project("{9A19103F-16F7-4668-BE54-9A1E7A4F7556}") = "02.Survivor", "02.Survivor\02.Survivor.csproj", "{9E7A0941-F93E-4BAA-8BBF-6F31982D23AF}"
EndProject
Project("{9A19103F-16F7-4668-BE54-9A1E7A4F7556}") = "01.Masterchef", "01.Masterchef\01.Masterchef.csproj", "{F4B02A20-81FE-47A8-9E2B-281C80525DD5}"
EndProject
Project("{FAE04EC0-301F-11D3-BF4B-00C04F79EFBC}") = "03. Ski Rental", "03. Ski Rental\03. Ski Rental.csproj", "{748621FC-502B-4BBF-8F18-5D97EC7634FC}"
EndProject
Project("{9A19103F-16F7-4668-BE54-9A1E7A4F7556}") = "01. Lootbox", "01. Lootbox\01. Lootbox.csproj", "{D4B497AB-D4E5-4CA0-9C0A-14E6C9F6174C}"
EndProject
Project("{9A19103F-16F7-4668-BE54-9A1E7A4F7556}") = "02. Re-Volt", "02. Re-Volt\02. Re-Volt.csproj", "{C8A83321-6D39-4229-AF38-DB1C31F044A0}"
EndProject
Project("{9A19103F-16F7-4668-BE54-9A1E7A4F7556}") = "03. Guild", "03. Guild\03. Guild.csproj", "{FD0B031D-3799-4AF2-9784-83ADC770B604}"
EndProject
Project("{FAE04EC0-301F-11D3-BF4B-00C04F79EFBC}") = "01. The Fight for Gondor", "01. The Fight for Gondor\01. The Fight for Gondor.csproj", "{BE794B9B-EA08-4BB9-91F7-4E95780B3583}"
EndProject
Project("{FAE04EC0-301F-11D3-BF4B-00C04F79EFBC}") = "02. Warships", "02. Warships\02. Warships.csproj", "{CC90A5A9-89E1-4103-88CE-03ED6ACE1364}"
EndProject
Global
	GlobalSection(SolutionConfigurationPlatforms) = preSolution
		Debug|Any CPU = Debug|Any CPU
		Release|Any CPU = Release|Any CPU
	EndGlobalSection
	GlobalSection(ProjectConfigurationPlatforms) = postSolution
		{1F6E78F9-998C-4C13-B22E-715C548D2508}.Debug|Any CPU.ActiveCfg = Debug|Any CPU
		{1F6E78F9-998C-4C13-B22E-715C548D2508}.Debug|Any CPU.Build.0 = Debug|Any CPU
		{1F6E78F9-998C-4C13-B22E-715C548D2508}.Release|Any CPU.ActiveCfg = Release|Any CPU
		{1F6E78F9-998C-4C13-B22E-715C548D2508}.Release|Any CPU.Build.0 = Release|Any CPU
		{82EAFED9-93A4-4A1A-A3F7-27370EA008F5}.Debug|Any CPU.ActiveCfg = Debug|Any CPU
		{82EAFED9-93A4-4A1A-A3F7-27370EA008F5}.Debug|Any CPU.Build.0 = Debug|Any CPU
		{82EAFED9-93A4-4A1A-A3F7-27370EA008F5}.Release|Any CPU.ActiveCfg = Release|Any CPU
		{82EAFED9-93A4-4A1A-A3F7-27370EA008F5}.Release|Any CPU.Build.0 = Release|Any CPU
		{8DE3D8D7-A929-4182-BC53-E1A9186D2453}.Debug|Any CPU.ActiveCfg = Debug|Any CPU
		{8DE3D8D7-A929-4182-BC53-E1A9186D2453}.Debug|Any CPU.Build.0 = Debug|Any CPU
		{8DE3D8D7-A929-4182-BC53-E1A9186D2453}.Release|Any CPU.ActiveCfg = Release|Any CPU
		{8DE3D8D7-A929-4182-BC53-E1A9186D2453}.Release|Any CPU.Build.0 = Release|Any CPU
		{2D713EF5-852E-4ADD-B518-CDCD6C1BC379}.Debug|Any CPU.ActiveCfg = Debug|Any CPU
		{2D713EF5-852E-4ADD-B518-CDCD6C1BC379}.Debug|Any CPU.Build.0 = Debug|Any CPU
		{2D713EF5-852E-4ADD-B518-CDCD6C1BC379}.Release|Any CPU.ActiveCfg = Release|Any CPU
		{2D713EF5-852E-4ADD-B518-CDCD6C1BC379}.Release|Any CPU.Build.0 = Release|Any CPU
		{CC4514A8-7637-435C-A4DB-69CF2887640E}.Debug|Any CPU.ActiveCfg = Debug|Any CPU
		{CC4514A8-7637-435C-A4DB-69CF2887640E}.Debug|Any CPU.Build.0 = Debug|Any CPU
		{CC4514A8-7637-435C-A4DB-69CF2887640E}.Release|Any CPU.ActiveCfg = Release|Any CPU
		{CC4514A8-7637-435C-A4DB-69CF2887640E}.Release|Any CPU.Build.0 = Release|Any CPU
		{43D7D477-EBD4-4318-B4C7-98B4446D0225}.Debug|Any CPU.ActiveCfg = Debug|Any CPU
		{43D7D477-EBD4-4318-B4C7-98B4446D0225}.Debug|Any CPU.Build.0 = Debug|Any CPU
		{43D7D477-EBD4-4318-B4C7-98B4446D0225}.Release|Any CPU.ActiveCfg = Release|Any CPU
		{43D7D477-EBD4-4318-B4C7-98B4446D0225}.Release|Any CPU.Build.0 = Release|Any CPU
		{3B29A542-462C-4382-82FE-487B13142EC1}.Debug|Any CPU.ActiveCfg = Debug|Any CPU
		{3B29A542-462C-4382-82FE-487B13142EC1}.Debug|Any CPU.Build.0 = Debug|Any CPU
		{3B29A542-462C-4382-82FE-487B13142EC1}.Release|Any CPU.ActiveCfg = Release|Any CPU
		{3B29A542-462C-4382-82FE-487B13142EC1}.Release|Any CPU.Build.0 = Release|Any CPU
		{6592F4FD-C1E3-4D95-86B4-2E4C374000AE}.Debug|Any CPU.ActiveCfg = Debug|Any CPU
		{6592F4FD-C1E3-4D95-86B4-2E4C374000AE}.Debug|Any CPU.Build.0 = Debug|Any CPU
		{6592F4FD-C1E3-4D95-86B4-2E4C374000AE}.Release|Any CPU.ActiveCfg = Release|Any CPU
		{6592F4FD-C1E3-4D95-86B4-2E4C374000AE}.Release|Any CPU.Build.0 = Release|Any CPU
		{79A2E215-F362-4CBA-BC97-0FFE293A300F}.Debug|Any CPU.ActiveCfg = Debug|Any CPU
		{79A2E215-F362-4CBA-BC97-0FFE293A300F}.Debug|Any CPU.Build.0 = Debug|Any CPU
		{79A2E215-F362-4CBA-BC97-0FFE293A300F}.Release|Any CPU.ActiveCfg = Release|Any CPU
		{79A2E215-F362-4CBA-BC97-0FFE293A300F}.Release|Any CPU.Build.0 = Release|Any CPU
		{7F640C03-2F1A-4F36-86A7-74F856EA29E1}.Debug|Any CPU.ActiveCfg = Debug|Any CPU
		{7F640C03-2F1A-4F36-86A7-74F856EA29E1}.Debug|Any CPU.Build.0 = Debug|Any CPU
		{7F640C03-2F1A-4F36-86A7-74F856EA29E1}.Release|Any CPU.ActiveCfg = Release|Any CPU
		{7F640C03-2F1A-4F36-86A7-74F856EA29E1}.Release|Any CPU.Build.0 = Release|Any CPU
		{418476F0-17FE-445D-8EDC-D382C6A0BC87}.Debug|Any CPU.ActiveCfg = Debug|Any CPU
		{418476F0-17FE-445D-8EDC-D382C6A0BC87}.Debug|Any CPU.Build.0 = Debug|Any CPU
		{418476F0-17FE-445D-8EDC-D382C6A0BC87}.Release|Any CPU.ActiveCfg = Release|Any CPU
		{418476F0-17FE-445D-8EDC-D382C6A0BC87}.Release|Any CPU.Build.0 = Release|Any CPU
		{B617FCE1-6622-45E7-A897-45BB86C4B11B}.Debug|Any CPU.ActiveCfg = Debug|Any CPU
		{B617FCE1-6622-45E7-A897-45BB86C4B11B}.Debug|Any CPU.Build.0 = Debug|Any CPU
		{B617FCE1-6622-45E7-A897-45BB86C4B11B}.Release|Any CPU.ActiveCfg = Release|Any CPU
		{B617FCE1-6622-45E7-A897-45BB86C4B11B}.Release|Any CPU.Build.0 = Release|Any CPU
		{9CE841F2-B40C-4F9D-BE5A-3785920700F3}.Debug|Any CPU.ActiveCfg = Debug|Any CPU
		{9CE841F2-B40C-4F9D-BE5A-3785920700F3}.Debug|Any CPU.Build.0 = Debug|Any CPU
		{9CE841F2-B40C-4F9D-BE5A-3785920700F3}.Release|Any CPU.ActiveCfg = Release|Any CPU
		{9CE841F2-B40C-4F9D-BE5A-3785920700F3}.Release|Any CPU.Build.0 = Release|Any CPU
		{E0210B6A-251E-4783-8C09-3C8250C618C7}.Debug|Any CPU.ActiveCfg = Debug|Any CPU
		{E0210B6A-251E-4783-8C09-3C8250C618C7}.Debug|Any CPU.Build.0 = Debug|Any CPU
		{E0210B6A-251E-4783-8C09-3C8250C618C7}.Release|Any CPU.ActiveCfg = Release|Any CPU
		{E0210B6A-251E-4783-8C09-3C8250C618C7}.Release|Any CPU.Build.0 = Release|Any CPU
		{5BAE8357-FF26-41FF-B5B3-EE13C79F9579}.Debug|Any CPU.ActiveCfg = Debug|Any CPU
		{5BAE8357-FF26-41FF-B5B3-EE13C79F9579}.Debug|Any CPU.Build.0 = Debug|Any CPU
		{5BAE8357-FF26-41FF-B5B3-EE13C79F9579}.Release|Any CPU.ActiveCfg = Release|Any CPU
		{5BAE8357-FF26-41FF-B5B3-EE13C79F9579}.Release|Any CPU.Build.0 = Release|Any CPU
		{61523763-7DB1-45B3-A77A-87EA1A38A890}.Debug|Any CPU.ActiveCfg = Debug|Any CPU
		{61523763-7DB1-45B3-A77A-87EA1A38A890}.Debug|Any CPU.Build.0 = Debug|Any CPU
		{61523763-7DB1-45B3-A77A-87EA1A38A890}.Release|Any CPU.ActiveCfg = Release|Any CPU
		{61523763-7DB1-45B3-A77A-87EA1A38A890}.Release|Any CPU.Build.0 = Release|Any CPU
		{03BD6BAC-0FD2-441F-AB6F-1B42559F8FF8}.Debug|Any CPU.ActiveCfg = Debug|Any CPU
		{03BD6BAC-0FD2-441F-AB6F-1B42559F8FF8}.Debug|Any CPU.Build.0 = Debug|Any CPU
		{03BD6BAC-0FD2-441F-AB6F-1B42559F8FF8}.Release|Any CPU.ActiveCfg = Release|Any CPU
		{03BD6BAC-0FD2-441F-AB6F-1B42559F8FF8}.Release|Any CPU.Build.0 = Release|Any CPU
		{68249298-4F71-49E5-A9DF-D38E4B28E763}.Debug|Any CPU.ActiveCfg = Debug|Any CPU
		{68249298-4F71-49E5-A9DF-D38E4B28E763}.Debug|Any CPU.Build.0 = Debug|Any CPU
		{68249298-4F71-49E5-A9DF-D38E4B28E763}.Release|Any CPU.ActiveCfg = Release|Any CPU
		{68249298-4F71-49E5-A9DF-D38E4B28E763}.Release|Any CPU.Build.0 = Release|Any CPU
		{5FC77DA4-ED75-4629-8757-972B9492458D}.Debug|Any CPU.ActiveCfg = Debug|Any CPU
		{5FC77DA4-ED75-4629-8757-972B9492458D}.Debug|Any CPU.Build.0 = Debug|Any CPU
		{5FC77DA4-ED75-4629-8757-972B9492458D}.Release|Any CPU.ActiveCfg = Release|Any CPU
		{5FC77DA4-ED75-4629-8757-972B9492458D}.Release|Any CPU.Build.0 = Release|Any CPU
		{46A46889-5059-4AF7-AC09-2B2E336DA1F5}.Debug|Any CPU.ActiveCfg = Debug|Any CPU
		{46A46889-5059-4AF7-AC09-2B2E336DA1F5}.Debug|Any CPU.Build.0 = Debug|Any CPU
		{46A46889-5059-4AF7-AC09-2B2E336DA1F5}.Release|Any CPU.ActiveCfg = Release|Any CPU
		{46A46889-5059-4AF7-AC09-2B2E336DA1F5}.Release|Any CPU.Build.0 = Release|Any CPU
		{8F3EAC12-ABD5-4D14-9E7D-9BB20F34480F}.Debug|Any CPU.ActiveCfg = Debug|Any CPU
		{8F3EAC12-ABD5-4D14-9E7D-9BB20F34480F}.Debug|Any CPU.Build.0 = Debug|Any CPU
		{8F3EAC12-ABD5-4D14-9E7D-9BB20F34480F}.Release|Any CPU.ActiveCfg = Release|Any CPU
		{8F3EAC12-ABD5-4D14-9E7D-9BB20F34480F}.Release|Any CPU.Build.0 = Release|Any CPU
		{9E7A0941-F93E-4BAA-8BBF-6F31982D23AF}.Debug|Any CPU.ActiveCfg = Debug|Any CPU
		{9E7A0941-F93E-4BAA-8BBF-6F31982D23AF}.Debug|Any CPU.Build.0 = Debug|Any CPU
		{9E7A0941-F93E-4BAA-8BBF-6F31982D23AF}.Release|Any CPU.ActiveCfg = Release|Any CPU
		{9E7A0941-F93E-4BAA-8BBF-6F31982D23AF}.Release|Any CPU.Build.0 = Release|Any CPU
		{F4B02A20-81FE-47A8-9E2B-281C80525DD5}.Debug|Any CPU.ActiveCfg = Debug|Any CPU
		{F4B02A20-81FE-47A8-9E2B-281C80525DD5}.Debug|Any CPU.Build.0 = Debug|Any CPU
		{F4B02A20-81FE-47A8-9E2B-281C80525DD5}.Release|Any CPU.ActiveCfg = Release|Any CPU
		{F4B02A20-81FE-47A8-9E2B-281C80525DD5}.Release|Any CPU.Build.0 = Release|Any CPU
		{748621FC-502B-4BBF-8F18-5D97EC7634FC}.Debug|Any CPU.ActiveCfg = Debug|Any CPU
		{748621FC-502B-4BBF-8F18-5D97EC7634FC}.Debug|Any CPU.Build.0 = Debug|Any CPU
		{748621FC-502B-4BBF-8F18-5D97EC7634FC}.Release|Any CPU.ActiveCfg = Release|Any CPU
		{748621FC-502B-4BBF-8F18-5D97EC7634FC}.Release|Any CPU.Build.0 = Release|Any CPU
		{D4B497AB-D4E5-4CA0-9C0A-14E6C9F6174C}.Debug|Any CPU.ActiveCfg = Debug|Any CPU
		{D4B497AB-D4E5-4CA0-9C0A-14E6C9F6174C}.Debug|Any CPU.Build.0 = Debug|Any CPU
		{D4B497AB-D4E5-4CA0-9C0A-14E6C9F6174C}.Release|Any CPU.ActiveCfg = Release|Any CPU
		{D4B497AB-D4E5-4CA0-9C0A-14E6C9F6174C}.Release|Any CPU.Build.0 = Release|Any CPU
		{C8A83321-6D39-4229-AF38-DB1C31F044A0}.Debug|Any CPU.ActiveCfg = Debug|Any CPU
		{C8A83321-6D39-4229-AF38-DB1C31F044A0}.Debug|Any CPU.Build.0 = Debug|Any CPU
		{C8A83321-6D39-4229-AF38-DB1C31F044A0}.Release|Any CPU.ActiveCfg = Release|Any CPU
		{C8A83321-6D39-4229-AF38-DB1C31F044A0}.Release|Any CPU.Build.0 = Release|Any CPU
		{FD0B031D-3799-4AF2-9784-83ADC770B604}.Debug|Any CPU.ActiveCfg = Debug|Any CPU
		{FD0B031D-3799-4AF2-9784-83ADC770B604}.Debug|Any CPU.Build.0 = Debug|Any CPU
		{FD0B031D-3799-4AF2-9784-83ADC770B604}.Release|Any CPU.ActiveCfg = Release|Any CPU
		{FD0B031D-3799-4AF2-9784-83ADC770B604}.Release|Any CPU.Build.0 = Release|Any CPU
		{BE794B9B-EA08-4BB9-91F7-4E95780B3583}.Debug|Any CPU.ActiveCfg = Debug|Any CPU
		{BE794B9B-EA08-4BB9-91F7-4E95780B3583}.Debug|Any CPU.Build.0 = Debug|Any CPU
		{BE794B9B-EA08-4BB9-91F7-4E95780B3583}.Release|Any CPU.ActiveCfg = Release|Any CPU
		{BE794B9B-EA08-4BB9-91F7-4E95780B3583}.Release|Any CPU.Build.0 = Release|Any CPU
		{CC90A5A9-89E1-4103-88CE-03ED6ACE1364}.Debug|Any CPU.ActiveCfg = Debug|Any CPU
		{CC90A5A9-89E1-4103-88CE-03ED6ACE1364}.Debug|Any CPU.Build.0 = Debug|Any CPU
		{CC90A5A9-89E1-4103-88CE-03ED6ACE1364}.Release|Any CPU.ActiveCfg = Release|Any CPU
		{CC90A5A9-89E1-4103-88CE-03ED6ACE1364}.Release|Any CPU.Build.0 = Release|Any CPU
	EndGlobalSection
	GlobalSection(SolutionProperties) = preSolution
		HideSolutionNode = FALSE
	EndGlobalSection
	GlobalSection(ExtensibilityGlobals) = postSolution
		SolutionGuid = {D24A4F6A-B139-466F-BF1B-5642ADE22994}
	EndGlobalSection
EndGlobal
