
Microsoft Visual Studio Solution File, Format Version 12.00
# Visual Studio Version 17
VisualStudioVersion = 17.2.32602.215
MinimumVisualStudioVersion = 10.0.40219.1
Project("{FAE04EC0-301F-11D3-BF4B-00C04F79EFBC}") = "SoftUniParking", "SoftUniParking\SoftUniParking.csproj", "{8FE2B1E9-287E-426B-AD7D-38FEC2389B54}"
EndProject
Global
	GlobalSection(SolutionConfigurationPlatforms) = preSolution
		Debug|Any CPU = Debug|Any CPU
		Release|Any CPU = Release|Any CPU
	EndGlobalSection
	GlobalSection(ProjectConfigurationPlatforms) = postSolution
		{8FE2B1E9-287E-426B-AD7D-38FEC2389B54}.Debug|Any CPU.ActiveCfg = Debug|Any CPU
		{8FE2B1E9-287E-426B-AD7D-38FEC2389B54}.Debug|Any CPU.Build.0 = Debug|Any CPU
		{8FE2B1E9-287E-426B-AD7D-38FEC2389B54}.Release|Any CPU.ActiveCfg = Release|Any CPU
		{8FE2B1E9-287E-426B-AD7D-38FEC2389B54}.Release|Any CPU.Build.0 = Release|Any CPU
	EndGlobalSection
	GlobalSection(SolutionProperties) = preSolution
		HideSolutionNode = FALSE
	EndGlobalSection
	GlobalSection(ExtensibilityGlobals) = postSolution
		SolutionGuid = {B722AA4C-9ABA-42C5-A8B4-C9A8925ABC1C}
	EndGlobalSection
EndGlobal
