
Microsoft Visual Studio Solution File, Format Version 12.00
# Visual Studio Version 17
VisualStudioVersion = 17.2.32602.215
MinimumVisualStudioVersion = 10.0.40219.1
Project("{9A19103F-16F7-4668-BE54-9A1E7A4F7556}") = "Sets and Dictionaries Advanced - Lab", "Sets and Dictionaries Advanced - Lab\Sets and Dictionaries Advanced - Lab.csproj", "{7BA3FF65-DBBB-47DD-8AC8-1257678D6AB8}"
EndProject
Project("{9A19103F-16F7-4668-BE54-9A1E7A4F7556}") = "01. Count Same Values in Array", "01. Count Same Values in Array\01. Count Same Values in Array.csproj", "{0AED1EB1-0D65-4ABC-A2A2-A9561375415B}"
EndProject
Project("{FAE04EC0-301F-11D3-BF4B-00C04F79EFBC}") = "02. Average Student Grades", "02. Average Student Grades\02. Average Student Grades.csproj", "{1130D6D2-AEAC-45BC-BAEF-852B2D3D7E0E}"
EndProject
Global
	GlobalSection(SolutionConfigurationPlatforms) = preSolution
		Debug|Any CPU = Debug|Any CPU
		Release|Any CPU = Release|Any CPU
	EndGlobalSection
	GlobalSection(ProjectConfigurationPlatforms) = postSolution
		{7BA3FF65-DBBB-47DD-8AC8-1257678D6AB8}.Debug|Any CPU.ActiveCfg = Debug|Any CPU
		{7BA3FF65-DBBB-47DD-8AC8-1257678D6AB8}.Debug|Any CPU.Build.0 = Debug|Any CPU
		{7BA3FF65-DBBB-47DD-8AC8-1257678D6AB8}.Release|Any CPU.ActiveCfg = Release|Any CPU
		{7BA3FF65-DBBB-47DD-8AC8-1257678D6AB8}.Release|Any CPU.Build.0 = Release|Any CPU
		{0AED1EB1-0D65-4ABC-A2A2-A9561375415B}.Debug|Any CPU.ActiveCfg = Debug|Any CPU
		{0AED1EB1-0D65-4ABC-A2A2-A9561375415B}.Debug|Any CPU.Build.0 = Debug|Any CPU
		{0AED1EB1-0D65-4ABC-A2A2-A9561375415B}.Release|Any CPU.ActiveCfg = Release|Any CPU
		{0AED1EB1-0D65-4ABC-A2A2-A9561375415B}.Release|Any CPU.Build.0 = Release|Any CPU
		{1130D6D2-AEAC-45BC-BAEF-852B2D3D7E0E}.Debug|Any CPU.ActiveCfg = Debug|Any CPU
		{1130D6D2-AEAC-45BC-BAEF-852B2D3D7E0E}.Debug|Any CPU.Build.0 = Debug|Any CPU
		{1130D6D2-AEAC-45BC-BAEF-852B2D3D7E0E}.Release|Any CPU.ActiveCfg = Release|Any CPU
		{1130D6D2-AEAC-45BC-BAEF-852B2D3D7E0E}.Release|Any CPU.Build.0 = Release|Any CPU
	EndGlobalSection
	GlobalSection(SolutionProperties) = preSolution
		HideSolutionNode = FALSE
	EndGlobalSection
	GlobalSection(ExtensibilityGlobals) = postSolution
		SolutionGuid = {FE333FAB-E8A1-4AC3-9878-EF1F81408BAC}
	EndGlobalSection
EndGlobal
