
Microsoft Visual Studio Solution File, Format Version 12.00
# Visual Studio Version 17
VisualStudioVersion = 17.2.32602.215
MinimumVisualStudioVersion = 10.0.40219.1
Project("{9A19103F-16F7-4668-BE54-9A1E7A4F7556}") = "Sets and Dictionaries Advanced - Lab", "Sets and Dictionaries Advanced - Lab\Sets and Dictionaries Advanced - Lab.csproj", "{7BA3FF65-DBBB-47DD-8AC8-1257678D6AB8}"
EndProject
Project("{9A19103F-16F7-4668-BE54-9A1E7A4F7556}") = "01. Count Same Values in Array", "01. Count Same Values in Array\01. Count Same Values in Array.csproj", "{0AED1EB1-0D65-4ABC-A2A2-A9561375415B}"
EndProject
Project("{9A19103F-16F7-4668-BE54-9A1E7A4F7556}") = "02. Average Student Grades", "02. Average Student Grades\02. Average Student Grades.csproj", "{1130D6D2-AEAC-45BC-BAEF-852B2D3D7E0E}"
EndProject
Project("{9A19103F-16F7-4668-BE54-9A1E7A4F7556}") = "03. Largest 3 Numbers", "03. Largest 3 Numbers\03. Largest 3 Numbers.csproj", "{3E2C3982-15E4-49AB-AE1A-32A4964E52EC}"
EndProject
Project("{9A19103F-16F7-4668-BE54-9A1E7A4F7556}") = "04. Product Shop", "04. Product Shop\04. Product Shop.csproj", "{86CF53E2-C87E-4C1E-8654-4D13125502F5}"
EndProject
Project("{9A19103F-16F7-4668-BE54-9A1E7A4F7556}") = "05. Cities by Continent and Country", "05. Cities by Continent and Country\05. Cities by Continent and Country.csproj", "{0E6B6D70-4951-4DBC-8CA2-7EB878CC0DF5}"
EndProject
Project("{9A19103F-16F7-4668-BE54-9A1E7A4F7556}") = "06. Record Unique Names", "06. Record Unique Names\06. Record Unique Names.csproj", "{B9FB7A3F-C836-472B-AAAD-77B146B35BDE}"
EndProject
Project("{9A19103F-16F7-4668-BE54-9A1E7A4F7556}") = "07. Parking Lot", "07. Parking Lot\07. Parking Lot.csproj", "{986D0FEE-4F58-418A-BF88-377484A165A7}"
EndProject
Project("{FAE04EC0-301F-11D3-BF4B-00C04F79EFBC}") = "08. SoftUni Party", "08. SoftUni Party\08. SoftUni Party.csproj", "{A76245F7-D25E-4445-9A51-51C30ACD415F}"
EndProject
Global
	GlobalSection(SolutionConfigurationPlatforms) = preSolution
		Debug|Any CPU = Debug|Any CPU
		Release|Any CPU = Release|Any CPU
	EndGlobalSection
	GlobalSection(ProjectConfigurationPlatforms) = postSolution
		{7BA3FF65-DBBB-47DD-8AC8-1257678D6AB8}.Debug|Any CPU.ActiveCfg = Debug|Any CPU
		{7BA3FF65-DBBB-47DD-8AC8-1257678D6AB8}.Debug|Any CPU.Build.0 = Debug|Any CPU
		{7BA3FF65-DBBB-47DD-8AC8-1257678D6AB8}.Release|Any CPU.ActiveCfg = Release|Any CPU
		{7BA3FF65-DBBB-47DD-8AC8-1257678D6AB8}.Release|Any CPU.Build.0 = Release|Any CPU
		{0AED1EB1-0D65-4ABC-A2A2-A9561375415B}.Debug|Any CPU.ActiveCfg = Debug|Any CPU
		{0AED1EB1-0D65-4ABC-A2A2-A9561375415B}.Debug|Any CPU.Build.0 = Debug|Any CPU
		{0AED1EB1-0D65-4ABC-A2A2-A9561375415B}.Release|Any CPU.ActiveCfg = Release|Any CPU
		{0AED1EB1-0D65-4ABC-A2A2-A9561375415B}.Release|Any CPU.Build.0 = Release|Any CPU
		{1130D6D2-AEAC-45BC-BAEF-852B2D3D7E0E}.Debug|Any CPU.ActiveCfg = Debug|Any CPU
		{1130D6D2-AEAC-45BC-BAEF-852B2D3D7E0E}.Debug|Any CPU.Build.0 = Debug|Any CPU
		{1130D6D2-AEAC-45BC-BAEF-852B2D3D7E0E}.Release|Any CPU.ActiveCfg = Release|Any CPU
		{1130D6D2-AEAC-45BC-BAEF-852B2D3D7E0E}.Release|Any CPU.Build.0 = Release|Any CPU
		{3E2C3982-15E4-49AB-AE1A-32A4964E52EC}.Debug|Any CPU.ActiveCfg = Debug|Any CPU
		{3E2C3982-15E4-49AB-AE1A-32A4964E52EC}.Debug|Any CPU.Build.0 = Debug|Any CPU
		{3E2C3982-15E4-49AB-AE1A-32A4964E52EC}.Release|Any CPU.ActiveCfg = Release|Any CPU
		{3E2C3982-15E4-49AB-AE1A-32A4964E52EC}.Release|Any CPU.Build.0 = Release|Any CPU
		{86CF53E2-C87E-4C1E-8654-4D13125502F5}.Debug|Any CPU.ActiveCfg = Debug|Any CPU
		{86CF53E2-C87E-4C1E-8654-4D13125502F5}.Debug|Any CPU.Build.0 = Debug|Any CPU
		{86CF53E2-C87E-4C1E-8654-4D13125502F5}.Release|Any CPU.ActiveCfg = Release|Any CPU
		{86CF53E2-C87E-4C1E-8654-4D13125502F5}.Release|Any CPU.Build.0 = Release|Any CPU
		{0E6B6D70-4951-4DBC-8CA2-7EB878CC0DF5}.Debug|Any CPU.ActiveCfg = Debug|Any CPU
		{0E6B6D70-4951-4DBC-8CA2-7EB878CC0DF5}.Debug|Any CPU.Build.0 = Debug|Any CPU
		{0E6B6D70-4951-4DBC-8CA2-7EB878CC0DF5}.Release|Any CPU.ActiveCfg = Release|Any CPU
		{0E6B6D70-4951-4DBC-8CA2-7EB878CC0DF5}.Release|Any CPU.Build.0 = Release|Any CPU
		{B9FB7A3F-C836-472B-AAAD-77B146B35BDE}.Debug|Any CPU.ActiveCfg = Debug|Any CPU
		{B9FB7A3F-C836-472B-AAAD-77B146B35BDE}.Debug|Any CPU.Build.0 = Debug|Any CPU
		{B9FB7A3F-C836-472B-AAAD-77B146B35BDE}.Release|Any CPU.ActiveCfg = Release|Any CPU
		{B9FB7A3F-C836-472B-AAAD-77B146B35BDE}.Release|Any CPU.Build.0 = Release|Any CPU
		{986D0FEE-4F58-418A-BF88-377484A165A7}.Debug|Any CPU.ActiveCfg = Debug|Any CPU
		{986D0FEE-4F58-418A-BF88-377484A165A7}.Debug|Any CPU.Build.0 = Debug|Any CPU
		{986D0FEE-4F58-418A-BF88-377484A165A7}.Release|Any CPU.ActiveCfg = Release|Any CPU
		{986D0FEE-4F58-418A-BF88-377484A165A7}.Release|Any CPU.Build.0 = Release|Any CPU
		{A76245F7-D25E-4445-9A51-51C30ACD415F}.Debug|Any CPU.ActiveCfg = Debug|Any CPU
		{A76245F7-D25E-4445-9A51-51C30ACD415F}.Debug|Any CPU.Build.0 = Debug|Any CPU
		{A76245F7-D25E-4445-9A51-51C30ACD415F}.Release|Any CPU.ActiveCfg = Release|Any CPU
		{A76245F7-D25E-4445-9A51-51C30ACD415F}.Release|Any CPU.Build.0 = Release|Any CPU
	EndGlobalSection
	GlobalSection(SolutionProperties) = preSolution
		HideSolutionNode = FALSE
	EndGlobalSection
	GlobalSection(ExtensibilityGlobals) = postSolution
		SolutionGuid = {FE333FAB-E8A1-4AC3-9878-EF1F81408BAC}
	EndGlobalSection
EndGlobal
